
Microsoft Visual Studio Solution File, Format Version 12.00
# Visual Studio Version 17
VisualStudioVersion = 17.5.33530.505
MinimumVisualStudioVersion = 10.0.40219.1
Project("{8BC9CEB8-8B4A-11D0-8D11-00A0C91BC942}") = "PertFlassClick", "PertFlassClick.vcxproj", "{F7279089-C346-4B45-B661-6056C7EB0675}"
EndProject
Global
	GlobalSection(SolutionConfigurationPlatforms) = preSolution
		Debug|x64 = Debug|x64
		Debug|x86 = Debug|x86
		Release|x64 = Release|x64
		Release|x86 = Release|x86
	EndGlobalSection
	GlobalSection(ProjectConfigurationPlatforms) = postSolution
		{F7279089-C346-4B45-B661-6056C7EB0675}.Debug|x64.ActiveCfg = Debug|x64
		{F7279089-C346-4B45-B661-6056C7EB0675}.Debug|x64.Build.0 = Debug|x64
		{F7279089-C346-4B45-B661-6056C7EB0675}.Debug|x86.ActiveCfg = Debug|Win32
		{F7279089-C346-4B45-B661-6056C7EB0675}.Debug|x86.Build.0 = Debug|Win32
		{F7279089-C346-4B45-B661-6056C7EB0675}.Release|x64.ActiveCfg = Release|x64
		{F7279089-C346-4B45-B661-6056C7EB0675}.Release|x64.Build.0 = Release|x64
		{F7279089-C346-4B45-B661-6056C7EB0675}.Release|x86.ActiveCfg = Release|Win32
		{F7279089-C346-4B45-B661-6056C7EB0675}.Release|x86.Build.0 = Release|Win32
	EndGlobalSection
	GlobalSection(SolutionProperties) = preSolution
		HideSolutionNode = FALSE
	EndGlobalSection
	GlobalSection(ExtensibilityGlobals) = postSolution
		SolutionGuid = {80E66066-CAF7-4E17-8F8A-BEAB77B70EA9}
	EndGlobalSection
EndGlobal
